
Microsoft Visual Studio Solution File, Format Version 12.00
# Visual Studio Version 17
VisualStudioVersion = 17.6.33717.318
MinimumVisualStudioVersion = 10.0.40219.1
Project("{9A19103F-16F7-4668-BE54-9A1E7A4F7556}") = "Task2", "Task2\Task2.csproj", "{50835714-C006-413D-AE34-910613A03D8F}"
EndProject
Project("{9A19103F-16F7-4668-BE54-9A1E7A4F7556}") = "Task4", "Task4\Task4.csproj", "{89E7F5FB-15A3-46A7-AADD-36BC0CAFFB8C}"
EndProject
Project("{9A19103F-16F7-4668-BE54-9A1E7A4F7556}") = "Task6", "Task6\Task6.csproj", "{F85CFCC3-122F-43DF-970F-3A1F01F4BB15}"
EndProject
Project("{9A19103F-16F7-4668-BE54-9A1E7A4F7556}") = "Task8", "Task8\Task8.csproj", "{62A15B8E-C0A2-48C3-820B-C15F0FA4AA26}"
EndProject
Project("{2150E333-8FDC-42A3-9474-1A3956D46DE8}") = "Homework", "Homework", "{12641260-56E3-4EBF-B57B-737E3DFF43AF}"
EndProject
Project("{2150E333-8FDC-42A3-9474-1A3956D46DE8}") = "Seminar1", "Seminar1", "{EBB17B0A-7E10-466F-8AC9-ACB6B9208615}"
EndProject
Project("{2150E333-8FDC-42A3-9474-1A3956D46DE8}") = "Seminar2", "Seminar2", "{65BF49C2-74E5-447C-AB7E-D5682DE9C751}"
EndProject
Project("{9A19103F-16F7-4668-BE54-9A1E7A4F7556}") = "Task10", "Task10\Task10.csproj", "{93C66D7F-CB30-4810-8429-BBED763C864F}"
EndProject
Project("{9A19103F-16F7-4668-BE54-9A1E7A4F7556}") = "Task13", "Task13\Task13.csproj", "{2C75898C-1731-4E38-A3D5-8C13F973BE09}"
EndProject
Project("{9A19103F-16F7-4668-BE54-9A1E7A4F7556}") = "Task15", "Task15\Task15.csproj", "{F66C6F0E-C3DF-46BF-8A76-02F1A297A5F6}"
EndProject
Project("{2150E333-8FDC-42A3-9474-1A3956D46DE8}") = "Seminar4", "Seminar4", "{2C82A9F8-5264-4B55-888A-82237C3A296F}"
EndProject
Project("{2150E333-8FDC-42A3-9474-1A3956D46DE8}") = "Seminar5", "Seminar5", "{07CB62B2-D1E6-4544-AB33-1484AE3E0F84}"
EndProject
Project("{9A19103F-16F7-4668-BE54-9A1E7A4F7556}") = "Task25", "Task25\Task25.csproj", "{80D77357-01D1-49E4-B5B9-88BD79027E47}"
EndProject
Project("{9A19103F-16F7-4668-BE54-9A1E7A4F7556}") = "Task27", "Task27\Task27.csproj", "{CCE78DBE-DB93-4A04-B651-1A323DE9D095}"
EndProject
Project("{9A19103F-16F7-4668-BE54-9A1E7A4F7556}") = "Task29", "Task29\Task29.csproj", "{AA13367B-988E-4628-A085-4C34AE22F1CA}"
EndProject
Project("{9A19103F-16F7-4668-BE54-9A1E7A4F7556}") = "Task34", "Task34\Task34.csproj", "{5FC0C1F5-F28A-4E72-B01E-D0E9198FD741}"
EndProject
Project("{9A19103F-16F7-4668-BE54-9A1E7A4F7556}") = "Task36", "Task36\Task36.csproj", "{105E3356-3DA0-4D81-A5FC-7D3A6EDC74DA}"
EndProject
Project("{9A19103F-16F7-4668-BE54-9A1E7A4F7556}") = "Task38", "Task38\Task38.csproj", "{189AF880-0E2D-4F03-BADE-624C28F828DC}"
EndProject
Project("{2150E333-8FDC-42A3-9474-1A3956D46DE8}") = "Seminar6", "Seminar6", "{AFC58417-9EF4-4DBE-8059-FD56E837699C}"
EndProject
Project("{9A19103F-16F7-4668-BE54-9A1E7A4F7556}") = "Task41", "Task41\Task41.csproj", "{B26E35C0-FC3E-420C-8283-748C98B2C81E}"
EndProject
Project("{9A19103F-16F7-4668-BE54-9A1E7A4F7556}") = "Task43", "Task43\Task43.csproj", "{59EBD060-579D-45DA-A66D-F006237880DD}"
EndProject
Project("{2150E333-8FDC-42A3-9474-1A3956D46DE8}") = "Seminar7", "Seminar7", "{FB447FF9-FDD9-4D6E-B766-6E179CACDB83}"
EndProject
Project("{FAE04EC0-301F-11D3-BF4B-00C04F79EFBC}") = "Task7-1", "Task7-1\Task7-1.csproj", "{483D2AB4-E16E-453A-8B6D-4CA7E492BD7B}"
EndProject
Project("{FAE04EC0-301F-11D3-BF4B-00C04F79EFBC}") = "Task7-2", "Task7-2\Task7-2.csproj", "{42A5385D-E85F-4150-BB47-9F0F09BA4303}"
EndProject
Project("{FAE04EC0-301F-11D3-BF4B-00C04F79EFBC}") = "Task7-3", "Task7-3\Task7-3.csproj", "{2AF846FC-4486-4E55-86E5-55B91ED36C74}"
EndProject
Global
	GlobalSection(SolutionConfigurationPlatforms) = preSolution
		Debug|Any CPU = Debug|Any CPU
		Release|Any CPU = Release|Any CPU
	EndGlobalSection
	GlobalSection(ProjectConfigurationPlatforms) = postSolution
		{50835714-C006-413D-AE34-910613A03D8F}.Debug|Any CPU.ActiveCfg = Debug|Any CPU
		{50835714-C006-413D-AE34-910613A03D8F}.Debug|Any CPU.Build.0 = Debug|Any CPU
		{50835714-C006-413D-AE34-910613A03D8F}.Release|Any CPU.ActiveCfg = Release|Any CPU
		{50835714-C006-413D-AE34-910613A03D8F}.Release|Any CPU.Build.0 = Release|Any CPU
		{89E7F5FB-15A3-46A7-AADD-36BC0CAFFB8C}.Debug|Any CPU.ActiveCfg = Debug|Any CPU
		{89E7F5FB-15A3-46A7-AADD-36BC0CAFFB8C}.Debug|Any CPU.Build.0 = Debug|Any CPU
		{89E7F5FB-15A3-46A7-AADD-36BC0CAFFB8C}.Release|Any CPU.ActiveCfg = Release|Any CPU
		{89E7F5FB-15A3-46A7-AADD-36BC0CAFFB8C}.Release|Any CPU.Build.0 = Release|Any CPU
		{F85CFCC3-122F-43DF-970F-3A1F01F4BB15}.Debug|Any CPU.ActiveCfg = Debug|Any CPU
		{F85CFCC3-122F-43DF-970F-3A1F01F4BB15}.Debug|Any CPU.Build.0 = Debug|Any CPU
		{F85CFCC3-122F-43DF-970F-3A1F01F4BB15}.Release|Any CPU.ActiveCfg = Release|Any CPU
		{F85CFCC3-122F-43DF-970F-3A1F01F4BB15}.Release|Any CPU.Build.0 = Release|Any CPU
		{62A15B8E-C0A2-48C3-820B-C15F0FA4AA26}.Debug|Any CPU.ActiveCfg = Debug|Any CPU
		{62A15B8E-C0A2-48C3-820B-C15F0FA4AA26}.Debug|Any CPU.Build.0 = Debug|Any CPU
		{62A15B8E-C0A2-48C3-820B-C15F0FA4AA26}.Release|Any CPU.ActiveCfg = Release|Any CPU
		{62A15B8E-C0A2-48C3-820B-C15F0FA4AA26}.Release|Any CPU.Build.0 = Release|Any CPU
		{93C66D7F-CB30-4810-8429-BBED763C864F}.Debug|Any CPU.ActiveCfg = Debug|Any CPU
		{93C66D7F-CB30-4810-8429-BBED763C864F}.Debug|Any CPU.Build.0 = Debug|Any CPU
		{93C66D7F-CB30-4810-8429-BBED763C864F}.Release|Any CPU.ActiveCfg = Release|Any CPU
		{93C66D7F-CB30-4810-8429-BBED763C864F}.Release|Any CPU.Build.0 = Release|Any CPU
		{2C75898C-1731-4E38-A3D5-8C13F973BE09}.Debug|Any CPU.ActiveCfg = Debug|Any CPU
		{2C75898C-1731-4E38-A3D5-8C13F973BE09}.Debug|Any CPU.Build.0 = Debug|Any CPU
		{2C75898C-1731-4E38-A3D5-8C13F973BE09}.Release|Any CPU.ActiveCfg = Release|Any CPU
		{2C75898C-1731-4E38-A3D5-8C13F973BE09}.Release|Any CPU.Build.0 = Release|Any CPU
		{F66C6F0E-C3DF-46BF-8A76-02F1A297A5F6}.Debug|Any CPU.ActiveCfg = Debug|Any CPU
		{F66C6F0E-C3DF-46BF-8A76-02F1A297A5F6}.Debug|Any CPU.Build.0 = Debug|Any CPU
		{F66C6F0E-C3DF-46BF-8A76-02F1A297A5F6}.Release|Any CPU.ActiveCfg = Release|Any CPU
		{F66C6F0E-C3DF-46BF-8A76-02F1A297A5F6}.Release|Any CPU.Build.0 = Release|Any CPU
		{80D77357-01D1-49E4-B5B9-88BD79027E47}.Debug|Any CPU.ActiveCfg = Debug|Any CPU
		{80D77357-01D1-49E4-B5B9-88BD79027E47}.Debug|Any CPU.Build.0 = Debug|Any CPU
		{80D77357-01D1-49E4-B5B9-88BD79027E47}.Release|Any CPU.ActiveCfg = Release|Any CPU
		{80D77357-01D1-49E4-B5B9-88BD79027E47}.Release|Any CPU.Build.0 = Release|Any CPU
		{CCE78DBE-DB93-4A04-B651-1A323DE9D095}.Debug|Any CPU.ActiveCfg = Debug|Any CPU
		{CCE78DBE-DB93-4A04-B651-1A323DE9D095}.Debug|Any CPU.Build.0 = Debug|Any CPU
		{CCE78DBE-DB93-4A04-B651-1A323DE9D095}.Release|Any CPU.ActiveCfg = Release|Any CPU
		{CCE78DBE-DB93-4A04-B651-1A323DE9D095}.Release|Any CPU.Build.0 = Release|Any CPU
		{AA13367B-988E-4628-A085-4C34AE22F1CA}.Debug|Any CPU.ActiveCfg = Debug|Any CPU
		{AA13367B-988E-4628-A085-4C34AE22F1CA}.Debug|Any CPU.Build.0 = Debug|Any CPU
		{AA13367B-988E-4628-A085-4C34AE22F1CA}.Release|Any CPU.ActiveCfg = Release|Any CPU
		{AA13367B-988E-4628-A085-4C34AE22F1CA}.Release|Any CPU.Build.0 = Release|Any CPU
		{5FC0C1F5-F28A-4E72-B01E-D0E9198FD741}.Debug|Any CPU.ActiveCfg = Debug|Any CPU
		{5FC0C1F5-F28A-4E72-B01E-D0E9198FD741}.Debug|Any CPU.Build.0 = Debug|Any CPU
		{5FC0C1F5-F28A-4E72-B01E-D0E9198FD741}.Release|Any CPU.ActiveCfg = Release|Any CPU
		{5FC0C1F5-F28A-4E72-B01E-D0E9198FD741}.Release|Any CPU.Build.0 = Release|Any CPU
		{105E3356-3DA0-4D81-A5FC-7D3A6EDC74DA}.Debug|Any CPU.ActiveCfg = Debug|Any CPU
		{105E3356-3DA0-4D81-A5FC-7D3A6EDC74DA}.Debug|Any CPU.Build.0 = Debug|Any CPU
		{105E3356-3DA0-4D81-A5FC-7D3A6EDC74DA}.Release|Any CPU.ActiveCfg = Release|Any CPU
		{105E3356-3DA0-4D81-A5FC-7D3A6EDC74DA}.Release|Any CPU.Build.0 = Release|Any CPU
		{189AF880-0E2D-4F03-BADE-624C28F828DC}.Debug|Any CPU.ActiveCfg = Debug|Any CPU
		{189AF880-0E2D-4F03-BADE-624C28F828DC}.Debug|Any CPU.Build.0 = Debug|Any CPU
		{189AF880-0E2D-4F03-BADE-624C28F828DC}.Release|Any CPU.ActiveCfg = Release|Any CPU
		{189AF880-0E2D-4F03-BADE-624C28F828DC}.Release|Any CPU.Build.0 = Release|Any CPU
		{B26E35C0-FC3E-420C-8283-748C98B2C81E}.Debug|Any CPU.ActiveCfg = Debug|Any CPU
		{B26E35C0-FC3E-420C-8283-748C98B2C81E}.Debug|Any CPU.Build.0 = Debug|Any CPU
		{B26E35C0-FC3E-420C-8283-748C98B2C81E}.Release|Any CPU.ActiveCfg = Release|Any CPU
		{B26E35C0-FC3E-420C-8283-748C98B2C81E}.Release|Any CPU.Build.0 = Release|Any CPU
		{59EBD060-579D-45DA-A66D-F006237880DD}.Debug|Any CPU.ActiveCfg = Debug|Any CPU
		{59EBD060-579D-45DA-A66D-F006237880DD}.Debug|Any CPU.Build.0 = Debug|Any CPU
		{59EBD060-579D-45DA-A66D-F006237880DD}.Release|Any CPU.ActiveCfg = Release|Any CPU
		{59EBD060-579D-45DA-A66D-F006237880DD}.Release|Any CPU.Build.0 = Release|Any CPU
		{483D2AB4-E16E-453A-8B6D-4CA7E492BD7B}.Debug|Any CPU.ActiveCfg = Debug|Any CPU
		{483D2AB4-E16E-453A-8B6D-4CA7E492BD7B}.Debug|Any CPU.Build.0 = Debug|Any CPU
		{483D2AB4-E16E-453A-8B6D-4CA7E492BD7B}.Release|Any CPU.ActiveCfg = Release|Any CPU
		{483D2AB4-E16E-453A-8B6D-4CA7E492BD7B}.Release|Any CPU.Build.0 = Release|Any CPU
		{42A5385D-E85F-4150-BB47-9F0F09BA4303}.Debug|Any CPU.ActiveCfg = Debug|Any CPU
		{42A5385D-E85F-4150-BB47-9F0F09BA4303}.Debug|Any CPU.Build.0 = Debug|Any CPU
		{42A5385D-E85F-4150-BB47-9F0F09BA4303}.Release|Any CPU.ActiveCfg = Release|Any CPU
		{42A5385D-E85F-4150-BB47-9F0F09BA4303}.Release|Any CPU.Build.0 = Release|Any CPU
		{2AF846FC-4486-4E55-86E5-55B91ED36C74}.Debug|Any CPU.ActiveCfg = Debug|Any CPU
		{2AF846FC-4486-4E55-86E5-55B91ED36C74}.Debug|Any CPU.Build.0 = Debug|Any CPU
		{2AF846FC-4486-4E55-86E5-55B91ED36C74}.Release|Any CPU.ActiveCfg = Release|Any CPU
		{2AF846FC-4486-4E55-86E5-55B91ED36C74}.Release|Any CPU.Build.0 = Release|Any CPU
	EndGlobalSection
	GlobalSection(SolutionProperties) = preSolution
		HideSolutionNode = FALSE
	EndGlobalSection
	GlobalSection(NestedProjects) = preSolution
		{50835714-C006-413D-AE34-910613A03D8F} = {EBB17B0A-7E10-466F-8AC9-ACB6B9208615}
		{89E7F5FB-15A3-46A7-AADD-36BC0CAFFB8C} = {EBB17B0A-7E10-466F-8AC9-ACB6B9208615}
		{F85CFCC3-122F-43DF-970F-3A1F01F4BB15} = {EBB17B0A-7E10-466F-8AC9-ACB6B9208615}
		{62A15B8E-C0A2-48C3-820B-C15F0FA4AA26} = {EBB17B0A-7E10-466F-8AC9-ACB6B9208615}
		{EBB17B0A-7E10-466F-8AC9-ACB6B9208615} = {12641260-56E3-4EBF-B57B-737E3DFF43AF}
		{65BF49C2-74E5-447C-AB7E-D5682DE9C751} = {12641260-56E3-4EBF-B57B-737E3DFF43AF}
		{93C66D7F-CB30-4810-8429-BBED763C864F} = {65BF49C2-74E5-447C-AB7E-D5682DE9C751}
		{2C75898C-1731-4E38-A3D5-8C13F973BE09} = {65BF49C2-74E5-447C-AB7E-D5682DE9C751}
		{F66C6F0E-C3DF-46BF-8A76-02F1A297A5F6} = {65BF49C2-74E5-447C-AB7E-D5682DE9C751}
		{2C82A9F8-5264-4B55-888A-82237C3A296F} = {12641260-56E3-4EBF-B57B-737E3DFF43AF}
		{07CB62B2-D1E6-4544-AB33-1484AE3E0F84} = {12641260-56E3-4EBF-B57B-737E3DFF43AF}
		{80D77357-01D1-49E4-B5B9-88BD79027E47} = {2C82A9F8-5264-4B55-888A-82237C3A296F}
		{CCE78DBE-DB93-4A04-B651-1A323DE9D095} = {2C82A9F8-5264-4B55-888A-82237C3A296F}
		{AA13367B-988E-4628-A085-4C34AE22F1CA} = {2C82A9F8-5264-4B55-888A-82237C3A296F}
		{5FC0C1F5-F28A-4E72-B01E-D0E9198FD741} = {07CB62B2-D1E6-4544-AB33-1484AE3E0F84}
		{105E3356-3DA0-4D81-A5FC-7D3A6EDC74DA} = {07CB62B2-D1E6-4544-AB33-1484AE3E0F84}
		{189AF880-0E2D-4F03-BADE-624C28F828DC} = {07CB62B2-D1E6-4544-AB33-1484AE3E0F84}
		{AFC58417-9EF4-4DBE-8059-FD56E837699C} = {12641260-56E3-4EBF-B57B-737E3DFF43AF}
		{B26E35C0-FC3E-420C-8283-748C98B2C81E} = {AFC58417-9EF4-4DBE-8059-FD56E837699C}
		{59EBD060-579D-45DA-A66D-F006237880DD} = {AFC58417-9EF4-4DBE-8059-FD56E837699C}
		{FB447FF9-FDD9-4D6E-B766-6E179CACDB83} = {12641260-56E3-4EBF-B57B-737E3DFF43AF}
		{483D2AB4-E16E-453A-8B6D-4CA7E492BD7B} = {FB447FF9-FDD9-4D6E-B766-6E179CACDB83}
		{42A5385D-E85F-4150-BB47-9F0F09BA4303} = {FB447FF9-FDD9-4D6E-B766-6E179CACDB83}
		{2AF846FC-4486-4E55-86E5-55B91ED36C74} = {FB447FF9-FDD9-4D6E-B766-6E179CACDB83}
	EndGlobalSection
	GlobalSection(ExtensibilityGlobals) = postSolution
		SolutionGuid = {A027C22A-E643-48CF-B71C-6D33FC2B2D64}
	EndGlobalSection
EndGlobal
