
Microsoft Visual Studio Solution File, Format Version 12.00
# Visual Studio Version 17
VisualStudioVersion = 17.6.33717.318
MinimumVisualStudioVersion = 10.0.40219.1
Project("{9A19103F-16F7-4668-BE54-9A1E7A4F7556}") = "Task2", "Task2\Task2.csproj", "{50835714-C006-413D-AE34-910613A03D8F}"
EndProject
Project("{9A19103F-16F7-4668-BE54-9A1E7A4F7556}") = "Task4", "Task4\Task4.csproj", "{89E7F5FB-15A3-46A7-AADD-36BC0CAFFB8C}"
EndProject
Project("{9A19103F-16F7-4668-BE54-9A1E7A4F7556}") = "Task6", "Task6\Task6.csproj", "{F85CFCC3-122F-43DF-970F-3A1F01F4BB15}"
EndProject
Project("{9A19103F-16F7-4668-BE54-9A1E7A4F7556}") = "Task8", "Task8\Task8.csproj", "{62A15B8E-C0A2-48C3-820B-C15F0FA4AA26}"
EndProject
Project("{2150E333-8FDC-42A3-9474-1A3956D46DE8}") = "Homework", "Homework", "{12641260-56E3-4EBF-B57B-737E3DFF43AF}"
EndProject
Project("{2150E333-8FDC-42A3-9474-1A3956D46DE8}") = "Seminar1", "Seminar1", "{EBB17B0A-7E10-466F-8AC9-ACB6B9208615}"
EndProject
Project("{2150E333-8FDC-42A3-9474-1A3956D46DE8}") = "Seminar2", "Seminar2", "{65BF49C2-74E5-447C-AB7E-D5682DE9C751}"
EndProject
Project("{9A19103F-16F7-4668-BE54-9A1E7A4F7556}") = "Task10", "Task10\Task10.csproj", "{93C66D7F-CB30-4810-8429-BBED763C864F}"
EndProject
Project("{9A19103F-16F7-4668-BE54-9A1E7A4F7556}") = "Task13", "Task13\Task13.csproj", "{2C75898C-1731-4E38-A3D5-8C13F973BE09}"
EndProject
Project("{9A19103F-16F7-4668-BE54-9A1E7A4F7556}") = "Task15", "Task15\Task15.csproj", "{F66C6F0E-C3DF-46BF-8A76-02F1A297A5F6}"
EndProject
Project("{2150E333-8FDC-42A3-9474-1A3956D46DE8}") = "Seminar4", "Seminar4", "{2C82A9F8-5264-4B55-888A-82237C3A296F}"
EndProject
Project("{2150E333-8FDC-42A3-9474-1A3956D46DE8}") = "Seminar5", "Seminar5", "{07CB62B2-D1E6-4544-AB33-1484AE3E0F84}"
EndProject
Project("{FAE04EC0-301F-11D3-BF4B-00C04F79EFBC}") = "Task25", "Task25\Task25.csproj", "{80D77357-01D1-49E4-B5B9-88BD79027E47}"
EndProject
Project("{FAE04EC0-301F-11D3-BF4B-00C04F79EFBC}") = "Task27", "Task27\Task27.csproj", "{CCE78DBE-DB93-4A04-B651-1A323DE9D095}"
EndProject
Project("{FAE04EC0-301F-11D3-BF4B-00C04F79EFBC}") = "Task29", "Task29\Task29.csproj", "{AA13367B-988E-4628-A085-4C34AE22F1CA}"
EndProject
Global
	GlobalSection(SolutionConfigurationPlatforms) = preSolution
		Debug|Any CPU = Debug|Any CPU
		Release|Any CPU = Release|Any CPU
	EndGlobalSection
	GlobalSection(ProjectConfigurationPlatforms) = postSolution
		{50835714-C006-413D-AE34-910613A03D8F}.Debug|Any CPU.ActiveCfg = Debug|Any CPU
		{50835714-C006-413D-AE34-910613A03D8F}.Debug|Any CPU.Build.0 = Debug|Any CPU
		{50835714-C006-413D-AE34-910613A03D8F}.Release|Any CPU.ActiveCfg = Release|Any CPU
		{50835714-C006-413D-AE34-910613A03D8F}.Release|Any CPU.Build.0 = Release|Any CPU
		{89E7F5FB-15A3-46A7-AADD-36BC0CAFFB8C}.Debug|Any CPU.ActiveCfg = Debug|Any CPU
		{89E7F5FB-15A3-46A7-AADD-36BC0CAFFB8C}.Debug|Any CPU.Build.0 = Debug|Any CPU
		{89E7F5FB-15A3-46A7-AADD-36BC0CAFFB8C}.Release|Any CPU.ActiveCfg = Release|Any CPU
		{89E7F5FB-15A3-46A7-AADD-36BC0CAFFB8C}.Release|Any CPU.Build.0 = Release|Any CPU
		{F85CFCC3-122F-43DF-970F-3A1F01F4BB15}.Debug|Any CPU.ActiveCfg = Debug|Any CPU
		{F85CFCC3-122F-43DF-970F-3A1F01F4BB15}.Debug|Any CPU.Build.0 = Debug|Any CPU
		{F85CFCC3-122F-43DF-970F-3A1F01F4BB15}.Release|Any CPU.ActiveCfg = Release|Any CPU
		{F85CFCC3-122F-43DF-970F-3A1F01F4BB15}.Release|Any CPU.Build.0 = Release|Any CPU
		{62A15B8E-C0A2-48C3-820B-C15F0FA4AA26}.Debug|Any CPU.ActiveCfg = Debug|Any CPU
		{62A15B8E-C0A2-48C3-820B-C15F0FA4AA26}.Debug|Any CPU.Build.0 = Debug|Any CPU
		{62A15B8E-C0A2-48C3-820B-C15F0FA4AA26}.Release|Any CPU.ActiveCfg = Release|Any CPU
		{62A15B8E-C0A2-48C3-820B-C15F0FA4AA26}.Release|Any CPU.Build.0 = Release|Any CPU
		{93C66D7F-CB30-4810-8429-BBED763C864F}.Debug|Any CPU.ActiveCfg = Debug|Any CPU
		{93C66D7F-CB30-4810-8429-BBED763C864F}.Debug|Any CPU.Build.0 = Debug|Any CPU
		{93C66D7F-CB30-4810-8429-BBED763C864F}.Release|Any CPU.ActiveCfg = Release|Any CPU
		{93C66D7F-CB30-4810-8429-BBED763C864F}.Release|Any CPU.Build.0 = Release|Any CPU
		{2C75898C-1731-4E38-A3D5-8C13F973BE09}.Debug|Any CPU.ActiveCfg = Debug|Any CPU
		{2C75898C-1731-4E38-A3D5-8C13F973BE09}.Debug|Any CPU.Build.0 = Debug|Any CPU
		{2C75898C-1731-4E38-A3D5-8C13F973BE09}.Release|Any CPU.ActiveCfg = Release|Any CPU
		{2C75898C-1731-4E38-A3D5-8C13F973BE09}.Release|Any CPU.Build.0 = Release|Any CPU
		{F66C6F0E-C3DF-46BF-8A76-02F1A297A5F6}.Debug|Any CPU.ActiveCfg = Debug|Any CPU
		{F66C6F0E-C3DF-46BF-8A76-02F1A297A5F6}.Debug|Any CPU.Build.0 = Debug|Any CPU
		{F66C6F0E-C3DF-46BF-8A76-02F1A297A5F6}.Release|Any CPU.ActiveCfg = Release|Any CPU
		{F66C6F0E-C3DF-46BF-8A76-02F1A297A5F6}.Release|Any CPU.Build.0 = Release|Any CPU
		{80D77357-01D1-49E4-B5B9-88BD79027E47}.Debug|Any CPU.ActiveCfg = Debug|Any CPU
		{80D77357-01D1-49E4-B5B9-88BD79027E47}.Debug|Any CPU.Build.0 = Debug|Any CPU
		{80D77357-01D1-49E4-B5B9-88BD79027E47}.Release|Any CPU.ActiveCfg = Release|Any CPU
		{80D77357-01D1-49E4-B5B9-88BD79027E47}.Release|Any CPU.Build.0 = Release|Any CPU
		{CCE78DBE-DB93-4A04-B651-1A323DE9D095}.Debug|Any CPU.ActiveCfg = Debug|Any CPU
		{CCE78DBE-DB93-4A04-B651-1A323DE9D095}.Debug|Any CPU.Build.0 = Debug|Any CPU
		{CCE78DBE-DB93-4A04-B651-1A323DE9D095}.Release|Any CPU.ActiveCfg = Release|Any CPU
		{CCE78DBE-DB93-4A04-B651-1A323DE9D095}.Release|Any CPU.Build.0 = Release|Any CPU
		{AA13367B-988E-4628-A085-4C34AE22F1CA}.Debug|Any CPU.ActiveCfg = Debug|Any CPU
		{AA13367B-988E-4628-A085-4C34AE22F1CA}.Debug|Any CPU.Build.0 = Debug|Any CPU
		{AA13367B-988E-4628-A085-4C34AE22F1CA}.Release|Any CPU.ActiveCfg = Release|Any CPU
		{AA13367B-988E-4628-A085-4C34AE22F1CA}.Release|Any CPU.Build.0 = Release|Any CPU
	EndGlobalSection
	GlobalSection(SolutionProperties) = preSolution
		HideSolutionNode = FALSE
	EndGlobalSection
	GlobalSection(NestedProjects) = preSolution
		{50835714-C006-413D-AE34-910613A03D8F} = {EBB17B0A-7E10-466F-8AC9-ACB6B9208615}
		{89E7F5FB-15A3-46A7-AADD-36BC0CAFFB8C} = {EBB17B0A-7E10-466F-8AC9-ACB6B9208615}
		{F85CFCC3-122F-43DF-970F-3A1F01F4BB15} = {EBB17B0A-7E10-466F-8AC9-ACB6B9208615}
		{62A15B8E-C0A2-48C3-820B-C15F0FA4AA26} = {EBB17B0A-7E10-466F-8AC9-ACB6B9208615}
		{EBB17B0A-7E10-466F-8AC9-ACB6B9208615} = {12641260-56E3-4EBF-B57B-737E3DFF43AF}
		{65BF49C2-74E5-447C-AB7E-D5682DE9C751} = {12641260-56E3-4EBF-B57B-737E3DFF43AF}
		{93C66D7F-CB30-4810-8429-BBED763C864F} = {65BF49C2-74E5-447C-AB7E-D5682DE9C751}
		{2C75898C-1731-4E38-A3D5-8C13F973BE09} = {65BF49C2-74E5-447C-AB7E-D5682DE9C751}
		{F66C6F0E-C3DF-46BF-8A76-02F1A297A5F6} = {65BF49C2-74E5-447C-AB7E-D5682DE9C751}
		{2C82A9F8-5264-4B55-888A-82237C3A296F} = {12641260-56E3-4EBF-B57B-737E3DFF43AF}
		{07CB62B2-D1E6-4544-AB33-1484AE3E0F84} = {12641260-56E3-4EBF-B57B-737E3DFF43AF}
		{80D77357-01D1-49E4-B5B9-88BD79027E47} = {2C82A9F8-5264-4B55-888A-82237C3A296F}
		{CCE78DBE-DB93-4A04-B651-1A323DE9D095} = {2C82A9F8-5264-4B55-888A-82237C3A296F}
		{AA13367B-988E-4628-A085-4C34AE22F1CA} = {2C82A9F8-5264-4B55-888A-82237C3A296F}
	EndGlobalSection
	GlobalSection(ExtensibilityGlobals) = postSolution
		SolutionGuid = {A027C22A-E643-48CF-B71C-6D33FC2B2D64}
	EndGlobalSection
EndGlobal
